<?xml version="1.0" encoding="utf-8"?>
<Project ToolsVersion="4.0" xmlns="http://schemas.microsoft.com/developer/msbuild/2003">
  <ItemGroup>
    <ClCompile Include="cAction.cpp">
      <Filter>FrameWork\Object\GameObject\GameActionObject\Action</Filter>
    </ClCompile>
    <ClCompile Include="cActionMove.cpp">
      <Filter>FrameWork\Object\GameObject\GameActionObject\Action</Filter>
    </ClCompile>
    <ClCompile Include="cActionRepeat.cpp">
      <Filter>FrameWork\Object\GameObject\GameActionObject\Action</Filter>
    </ClCompile>
    <ClCompile Include="cActionSeq.cpp">
      <Filter>FrameWork\Object\GameObject\GameActionObject\Action</Filter>
    </ClCompile>
    <ClCompile Include="cAllocateHierarchy.cpp">
      <Filter>FrameWork\Loader</Filter>
    </ClCompile>
    <ClCompile Include="cAnimationSet.cpp">
      <Filter>FrameWork\Object\GameObject\SkinnedMesh</Filter>
    </ClCompile>
    <ClCompile Include="cASEInstance.cpp">
      <Filter>FrameWork\Object\GameObject\AseObject</Filter>
    </ClCompile>
    <ClCompile Include="cAseLoader.cpp">
      <Filter>FrameWork\Loader</Filter>
    </ClCompile>
    <ClCompile Include="cAseManager.cpp">
      <Filter>FrameWork\Singletons</Filter>
    </ClCompile>
    <ClCompile Include="cBillingExample.cpp">
      <Filter>FrameWork\_EXAMPLE</Filter>
    </ClCompile>
    <ClCompile Include="cCamera.cpp">
      <Filter>FrameWork\Scene</Filter>
    </ClCompile>
    <ClCompile Include="cCameraEditing.cpp">
      <Filter>FrameWork\_EXAMPLE</Filter>
    </ClCompile>
    <ClCompile Include="cControlManager.cpp">
      <Filter>FrameWork\Singletons</Filter>
    </ClCompile>
    <ClCompile Include="cDeviceManager.cpp">
      <Filter>FrameWork\Singletons</Filter>
    </ClCompile>
    <ClCompile Include="cFontManager.cpp">
      <Filter>FrameWork\Singletons</Filter>
    </ClCompile>
    <ClCompile Include="cFrustum.cpp">
      <Filter>FrameWork\Scene</Filter>
    </ClCompile>
    <ClCompile Include="cGameActionObject.cpp">
      <Filter>FrameWork\Object\GameObject\GameActionObject</Filter>
    </ClCompile>
    <ClCompile Include="cGameActionSkinnedMeshObj.cpp">
      <Filter>FrameWork\Object\GameObject\GameActionObject</Filter>
    </ClCompile>
    <ClCompile Include="cGameASEObject.cpp">
      <Filter>FrameWork\Object\GameObject\AseObject</Filter>
    </ClCompile>
    <ClCompile Include="cGameBillBoardingObject.cpp">
      <Filter>FrameWork\Object\GameObject</Filter>
    </ClCompile>
    <ClCompile Include="cGameCore.cpp">
      <Filter>FrameWork\Core</Filter>
    </ClCompile>
    <ClCompile Include="cGameLoader.cpp">
      <Filter>FrameWork\Loader</Filter>
    </ClCompile>
    <ClCompile Include="cUIImageButton.cpp">
      <Filter>FrameWork\Object\UIObject</Filter>
    </ClCompile>
    <ClCompile Include="cUIImageView.cpp">
      <Filter>FrameWork\Object\UIObject</Filter>
    </ClCompile>
    <ClCompile Include="cUIObject.cpp">
      <Filter>FrameWork\Object\UIObject</Filter>
    </ClCompile>
    <ClCompile Include="cUIObjManager.cpp">
      <Filter>FrameWork\Object\UIObject</Filter>
    </ClCompile>
    <ClCompile Include="cUIWindow.cpp">
      <Filter>FrameWork\Object\UIObject</Filter>
    </ClCompile>
    <ClCompile Include="iActionDelegate.cpp">
      <Filter>FrameWork\Interfaces</Filter>
    </ClCompile>
    <ClCompile Include="iButtonDelegate.cpp">
      <Filter>FrameWork\Interfaces</Filter>
    </ClCompile>
    <ClCompile Include="iMap.cpp">
      <Filter>FrameWork\Interfaces</Filter>
    </ClCompile>
    <ClCompile Include="iSceneDelegate.cpp">
      <Filter>FrameWork\Interfaces</Filter>
    </ClCompile>
    <ClCompile Include="cGameMapHeight.cpp">
      <Filter>FrameWork\Object\GameObject\GameMapObjects</Filter>
    </ClCompile>
    <ClCompile Include="cGameMapObject.cpp">
      <Filter>FrameWork\Object\GameObject\GameMapObjects</Filter>
    </ClCompile>
    <ClCompile Include="cGameMapSkyObject.cpp">
      <Filter>FrameWork\Object\GameObject\GameMapObjects</Filter>
    </ClCompile>
    <ClCompile Include="cGameObject.cpp">
      <Filter>FrameWork\Object\GameObject</Filter>
    </ClCompile>
    <ClCompile Include="cGameTimer.cpp">
      <Filter>FrameWork\Singletons</Filter>
    </ClCompile>
    <ClCompile Include="cGameObjManager.cpp">
      <Filter>FrameWork\Object\GameObject</Filter>
    </ClCompile>
    <ClCompile Include="cLoader.cpp">
      <Filter>FrameWork\Loader</Filter>
    </ClCompile>
    <ClCompile Include="cSkinnedMeshBody.cpp">
      <Filter>EachWorks\MW</Filter>
    </ClCompile>
    <ClCompile Include="cZealot.cpp">
      <Filter>FrameWork\_EXAMPLE</Filter>
    </ClCompile>
    <ClCompile Include="cUIExample.cpp">
      <Filter>FrameWork\_EXAMPLE</Filter>
    </ClCompile>
    <ClCompile Include="cSphereAction.cpp">
      <Filter>FrameWork\_EXAMPLE</Filter>
    </ClCompile>
    <ClCompile Include="cSphere.cpp">
      <Filter>FrameWork\_EXAMPLE</Filter>
    </ClCompile>
    <ClCompile Include="cSceneExample.cpp">
      <Filter>FrameWork\_EXAMPLE</Filter>
    </ClCompile>
    <ClCompile Include="stdafx.cpp">
      <Filter>FrameWork\_STDAFX</Filter>
    </ClCompile>
    <ClCompile Include="cGameObjLoader.cpp">
      <Filter>FrameWork\Loader</Filter>
    </ClCompile>
    <ClCompile Include="cTransform.cpp">
      <Filter>FrameWork\Object\GameObject</Filter>
    </ClCompile>
    <ClCompile Include="cScene.cpp">
      <Filter>FrameWork\Scene</Filter>
    </ClCompile>
    <ClCompile Include="cSceneManager.cpp">
      <Filter>FrameWork\Scene</Filter>
    </ClCompile>
    <ClCompile Include="cTextureManager.cpp">
      <Filter>FrameWork\Singletons</Filter>
    </ClCompile>
    <ClCompile Include="cSkinnedMeshManager.cpp">
      <Filter>FrameWork\Singletons</Filter>
    </ClCompile>
    <ClCompile Include="cSkinnedMesh.cpp">
      <Filter>FrameWork\Object\GameObject\SkinnedMesh</Filter>
    </ClCompile>
    <ClCompile Include="cObjectManager.cpp">
      <Filter>FrameWork\Singletons</Filter>
    </ClCompile>
    <ClCompile Include="cLightSource.cpp">
      <Filter>FrameWork\Scene</Filter>
    </ClCompile>
    <ClCompile Include="cMapLoader.cpp">
      <Filter>FrameWork\Loader</Filter>
    </ClCompile>
    <ClCompile Include="cObject.cpp">
      <Filter>FrameWork\Object</Filter>
    </ClCompile>
    <ClCompile Include="cGridSystem.cpp">
      <Filter>EachWorks\MS</Filter>
    </ClCompile>
    <ClCompile Include="cMapExample.cpp">
      <Filter>FrameWork\_EXAMPLE</Filter>
    </ClCompile>
    <ClCompile Include="DreamCoast3D.cpp">
      <Filter>FrameWork\Core</Filter>
    </ClCompile>
    <ClCompile Include="cMtlTex.cpp">
      <Filter>FrameWork\Object</Filter>
    </ClCompile>
    <ClCompile Include="cUITextView.cpp">
      <Filter>FrameWork\Object\UIObject</Filter>
    </ClCompile>
    <ClCompile Include="cUIPlayerInfo.cpp">
      <Filter>EachWorks\HD\TODO-DistAfter\InGameUI</Filter>
    </ClCompile>
    <ClCompile Include="cUIGameSystemShortCut.cpp">
      <Filter>EachWorks\HD\TODO-DistAfter\InGameUI</Filter>
    </ClCompile>
    <ClCompile Include="cUIGameMainMenu.cpp">
      <Filter>EachWorks\HD\TODO-DistAfter\MainMenuUI</Filter>
    </ClCompile>
    <ClCompile Include="cUILoader.cpp">
      <Filter>FrameWork\Loader</Filter>
    </ClCompile>
    <ClCompile Include="cGameMapHeightGridSystem.cpp">
      <Filter>EachWorks\MS</Filter>
    </ClCompile>
    <ClCompile Include="cGameSMeshBodyObject.cpp">
      <Filter>EachWorks\MW</Filter>
    </ClCompile>
    <ClCompile Include="cGamePlayableObject.cpp">
      <Filter>EachWorks\HD</Filter>
    </ClCompile>
    <ClCompile Include="cPlayerMove.cpp">
      <Filter>EachWorks\HD\PlayerFSM</Filter>
    </ClCompile>
    <ClCompile Include="cPlayerIdle.cpp">
      <Filter>EachWorks\HD\PlayerFSM</Filter>
    </ClCompile>
    <ClCompile Include="iPlayerState.cpp">
      <Filter>EachWorks\HD\PlayerFSM</Filter>
    </ClCompile>
    <ClCompile Include="cPlayerAttack.cpp">
      <Filter>EachWorks\HD\PlayerFSM</Filter>
    </ClCompile>
    <ClCompile Include="cPlayerOnHit.cpp">
      <Filter>EachWorks\HD\PlayerFSM</Filter>
    </ClCompile>
    <ClCompile Include="cGameAIObject.cpp">
      <Filter>EachWorks\HD</Filter>
    </ClCompile>
    <ClCompile Include="iAIState.cpp">
      <Filter>EachWorks\HD\AI-FSM</Filter>
    </ClCompile>
    <ClCompile Include="cAIFSM.cpp">
      <Filter>EachWorks\HD\AI-FSM</Filter>
    </ClCompile>
    <ClCompile Include="cAstar.cpp">
      <Filter>EachWorks\MS</Filter>
    </ClCompile>
    <ClCompile Include="cAstarNode.cpp">
      <Filter>EachWorks\MS</Filter>
    </ClCompile>
    <ClCompile Include="iCameraDeligate.cpp">
      <Filter>FrameWork\Interfaces</Filter>
    </ClCompile>
    <ClCompile Include="iGameObjectDelegate.cpp">
      <Filter>FrameWork\Interfaces</Filter>
    </ClCompile>
    <ClCompile Include="iGameStateObject.cpp">
      <Filter>FrameWork\Interfaces</Filter>
    </ClCompile>
    <ClCompile Include="cUIExpBar.cpp">
      <Filter>EachWorks\HD\TODO-DistAfter\InGameUI</Filter>
    </ClCompile>
    <ClCompile Include="cUIStatWindow.cpp">
      <Filter>EachWorks\HD\TODO-DistAfter\InGameUI</Filter>
    </ClCompile>
    <ClCompile Include="cActionIdle.cpp">
      <Filter>FrameWork\Object\GameObject\GameActionObject\Action</Filter>
    </ClCompile>
    <ClCompile Include="cUISkillShortCut.cpp">
      <Filter>EachWorks\MW\Todo</Filter>
    </ClCompile>
    <ClCompile Include="cUIInventory.cpp">
      <Filter>EachWorks\MW\Todo</Filter>
    </ClCompile>
    <ClCompile Include="cUIMinimap.cpp">
      <Filter>EachWorks\MS\Todo</Filter>
    </ClCompile>
    <ClCompile Include="cSceneLoader.cpp">
      <Filter>FrameWork\Loader</Filter>
    </ClCompile>
    <ClCompile Include="cUIIcon.cpp">
      <Filter>EachWorks\MW\Todo</Filter>
    </ClCompile>
    <ClCompile Include="cUIPopupWindow.cpp">
      <Filter>EachWorks\HD</Filter>
    </ClCompile>
    <ClCompile Include="cUISystemMenu.cpp">
      <Filter>EachWorks\HD</Filter>
    </ClCompile>
    <ClCompile Include="iUIManagerDeligate.cpp">
      <Filter>FrameWork\Interfaces</Filter>
    </ClCompile>
    <ClCompile Include="cLoadingScene.cpp">
      <Filter>EachWorks\HD</Filter>
    </ClCompile>
    <ClCompile Include="cUISceneChangeButton.cpp">
      <Filter>EachWorks\HD</Filter>
    </ClCompile>
    <ClCompile Include="cUISystemTest.cpp">
      <Filter>EachWorks\HD</Filter>
    </ClCompile>
    <ClCompile Include="cUIImageButtonMenu.cpp">
      <Filter>EachWorks\HD</Filter>
    </ClCompile>
    <ClCompile Include="cEffect.cpp">
      <Filter>FrameWork\Effects</Filter>
    </ClCompile>
    <ClCompile Include="cEffectManager.cpp">
      <Filter>FrameWork\Effects</Filter>
    </ClCompile>
    <ClCompile Include="cEffectResourceManager.cpp">
      <Filter>FrameWork\Effects</Filter>
    </ClCompile>
    <ClCompile Include="iEffectManagerDeligate.cpp">
      <Filter>FrameWork\Effects</Filter>
    </ClCompile>
    <ClCompile Include="cSceneEditMode.cpp">
      <Filter>FrameWork\Scene</Filter>
    </ClCompile>
    <ClCompile Include="cMousePicking.cpp">
      <Filter>EachWorks\MS</Filter>
    </ClCompile>
    <ClCompile Include="iUIPopupWindowDelegate.cpp">
      <Filter>EachWorks\MW\Todo</Filter>
    </ClCompile>
    <ClCompile Include="cMapToolCamera.cpp">
      <Filter>EachWorks\MS</Filter>
    </ClCompile>
    <ClCompile Include="cUISlot.cpp">
      <Filter>EachWorks\MW\Todo</Filter>
    </ClCompile>
    <ClCompile Include="cDataItem.cpp">
      <Filter>EachWorks\MW\Todo</Filter>
    </ClCompile>
    <ClCompile Include="cMapLoader4Edit.cpp">
      <Filter>FrameWork\Loader</Filter>
    </ClCompile>
    <ClCompile Include="cGameObjectLoader4Edit.cpp">
      <Filter>FrameWork\Loader</Filter>
    </ClCompile>
    <ClCompile Include="cGameObjectEraser.cpp">
      <Filter>FrameWork\Object</Filter>
    </ClCompile>
    <ClCompile Include="iUIInventoryDelegate.cpp">
      <Filter>EachWorks\MW\Todo</Filter>
    </ClCompile>
    <ClCompile Include="cSceneTerrainEdit.cpp">
      <Filter>EachWorks\MS</Filter>
    </ClCompile>
    <ClCompile Include="cGameEvent.cpp">
      <Filter>EachWorks\MS</Filter>
    </ClCompile>
    <ClCompile Include="cGameEventManager.cpp">
      <Filter>EachWorks\MS</Filter>
    </ClCompile>
    <ClCompile Include="cHeightMapTerrainEdit.cpp">
      <Filter>EachWorks\MS</Filter>
    </ClCompile>
    <ClCompile Include="cEditCursor.cpp">
      <Filter>EachWorks\MS</Filter>
    </ClCompile>
    <ClCompile Include="cShaderManager.cpp">
      <Filter>FrameWork\Singletons</Filter>
    </ClCompile>
    <ClCompile Include="cUICursor.cpp">
      <Filter>FrameWork\Object\UIObject</Filter>
    </ClCompile>
    <ClCompile Include="cUISet4Editor.cpp">
      <Filter>EachWorks\HD</Filter>
    </ClCompile>
    <ClCompile Include="cEffectMesh.cpp">
      <Filter>FrameWork\Effects</Filter>
    </ClCompile>
    <ClCompile Include="cStaticMeshManager.cpp" />
    <ClCompile Include="cMesh.cpp" />
    <ClCompile Include="cEffectParticle.cpp">
      <Filter>FrameWork\Effects</Filter>
    </ClCompile>
  </ItemGroup>
  <ItemGroup>
    <ClInclude Include="cAction.h">
      <Filter>FrameWork\Object\GameObject\GameActionObject\Action</Filter>
    </ClInclude>
    <ClInclude Include="cActionMove.h">
      <Filter>FrameWork\Object\GameObject\GameActionObject\Action</Filter>
    </ClInclude>
    <ClInclude Include="cActionRepeat.h">
      <Filter>FrameWork\Object\GameObject\GameActionObject\Action</Filter>
    </ClInclude>
    <ClInclude Include="cActionSeq.h">
      <Filter>FrameWork\Object\GameObject\GameActionObject\Action</Filter>
    </ClInclude>
    <ClInclude Include="Asciitok.h">
      <Filter>FrameWork\Core</Filter>
    </ClInclude>
    <ClInclude Include="cAllocateHierarchy.h">
      <Filter>FrameWork\Loader</Filter>
    </ClInclude>
    <ClInclude Include="cAnimationSet.h">
      <Filter>FrameWork\Object\GameObject\SkinnedMesh</Filter>
    </ClInclude>
    <ClInclude Include="cASEInstance.h">
      <Filter>FrameWork\Object\GameObject\AseObject</Filter>
    </ClInclude>
    <ClInclude Include="cAseLoader.h">
      <Filter>FrameWork\Loader</Filter>
    </ClInclude>
    <ClInclude Include="cAseManager.h">
      <Filter>FrameWork\Singletons</Filter>
    </ClInclude>
    <ClInclude Include="cBillingExample.h">
      <Filter>FrameWork\_EXAMPLE</Filter>
    </ClInclude>
    <ClInclude Include="cCamera.h">
      <Filter>FrameWork\Scene</Filter>
    </ClInclude>
    <ClInclude Include="cCameraEditing.h">
      <Filter>FrameWork\_EXAMPLE</Filter>
    </ClInclude>
    <ClInclude Include="cControlManager.h">
      <Filter>FrameWork\Singletons</Filter>
    </ClInclude>
    <ClInclude Include="cFontManager.h">
      <Filter>FrameWork\Singletons</Filter>
    </ClInclude>
    <ClInclude Include="cDeviceManager.h">
      <Filter>FrameWork\Singletons</Filter>
    </ClInclude>
    <ClInclude Include="cFrustum.h">
      <Filter>FrameWork\Scene</Filter>
    </ClInclude>
    <ClInclude Include="cGameActionObject.h">
      <Filter>FrameWork\Object\GameObject\GameActionObject</Filter>
    </ClInclude>
    <ClInclude Include="cGameActionSkinnedMeshObj.h">
      <Filter>FrameWork\Object\GameObject\GameActionObject</Filter>
    </ClInclude>
    <ClInclude Include="cGameASEObject.h">
      <Filter>FrameWork\Object\GameObject\AseObject</Filter>
    </ClInclude>
    <ClInclude Include="cGameBillBoardingObject.h">
      <Filter>FrameWork\Object\GameObject</Filter>
    </ClInclude>
    <ClInclude Include="cGameCore.h">
      <Filter>FrameWork\Core</Filter>
    </ClInclude>
    <ClInclude Include="cGameLoader.h">
      <Filter>FrameWork\Loader</Filter>
    </ClInclude>
    <ClInclude Include="cUIImageButton.h">
      <Filter>FrameWork\Object\UIObject</Filter>
    </ClInclude>
    <ClInclude Include="cUIImageView.h">
      <Filter>FrameWork\Object\UIObject</Filter>
    </ClInclude>
    <ClInclude Include="cUIObject.h">
      <Filter>FrameWork\Object\UIObject</Filter>
    </ClInclude>
    <ClInclude Include="cUIObjManager.h">
      <Filter>FrameWork\Object\UIObject</Filter>
    </ClInclude>
    <ClInclude Include="cUIWindow.h">
      <Filter>FrameWork\Object\UIObject</Filter>
    </ClInclude>
    <ClInclude Include="iSceneDelegate.h">
      <Filter>FrameWork\Interfaces</Filter>
    </ClInclude>
    <ClInclude Include="iActionDelegate.h">
      <Filter>FrameWork\Interfaces</Filter>
    </ClInclude>
    <ClInclude Include="iButtonDelegate.h">
      <Filter>FrameWork\Interfaces</Filter>
    </ClInclude>
    <ClInclude Include="iMap.h">
      <Filter>FrameWork\Interfaces</Filter>
    </ClInclude>
    <ClInclude Include="cGameMapHeight.h">
      <Filter>FrameWork\Object\GameObject\GameMapObjects</Filter>
    </ClInclude>
    <ClInclude Include="cGameMapObject.h">
      <Filter>FrameWork\Object\GameObject\GameMapObjects</Filter>
    </ClInclude>
    <ClInclude Include="cGameMapSkyObject.h">
      <Filter>FrameWork\Object\GameObject\GameMapObjects</Filter>
    </ClInclude>
    <ClInclude Include="cGameObject.h">
      <Filter>FrameWork\Object\GameObject</Filter>
    </ClInclude>
    <ClInclude Include="cGameTimer.h">
      <Filter>FrameWork\Singletons</Filter>
    </ClInclude>
    <ClInclude Include="cGameObjManager.h">
      <Filter>FrameWork\Object\GameObject</Filter>
    </ClInclude>
    <ClInclude Include="cLoader.h">
      <Filter>FrameWork\Loader</Filter>
    </ClInclude>
    <ClInclude Include="cSkinnedMeshBody.h">
      <Filter>EachWorks\MW</Filter>
    </ClInclude>
    <ClInclude Include="cZealot.h">
      <Filter>FrameWork\_EXAMPLE</Filter>
    </ClInclude>
    <ClInclude Include="cUIExample.h">
      <Filter>FrameWork\_EXAMPLE</Filter>
    </ClInclude>
    <ClInclude Include="cSphereAction.h">
      <Filter>FrameWork\_EXAMPLE</Filter>
    </ClInclude>
    <ClInclude Include="cSphere.h">
      <Filter>FrameWork\_EXAMPLE</Filter>
    </ClInclude>
    <ClInclude Include="cSceneExample.h">
      <Filter>FrameWork\_EXAMPLE</Filter>
    </ClInclude>
    <ClInclude Include="stdafx.h">
      <Filter>FrameWork\_STDAFX</Filter>
    </ClInclude>
    <ClInclude Include="cGameObjLoader.h">
      <Filter>FrameWork\Loader</Filter>
    </ClInclude>
    <ClInclude Include="cTransform.h">
      <Filter>FrameWork\Object\GameObject</Filter>
    </ClInclude>
    <ClInclude Include="cSceneManager.h">
      <Filter>FrameWork\Scene</Filter>
    </ClInclude>
    <ClInclude Include="cScene.h">
      <Filter>FrameWork\Scene</Filter>
    </ClInclude>
    <ClInclude Include="cTextureManager.h">
      <Filter>FrameWork\Singletons</Filter>
    </ClInclude>
    <ClInclude Include="cSkinnedMeshManager.h">
      <Filter>FrameWork\Singletons</Filter>
    </ClInclude>
    <ClInclude Include="cSkinnedMesh.h">
      <Filter>FrameWork\Object\GameObject\SkinnedMesh</Filter>
    </ClInclude>
    <ClInclude Include="cObjectManager.h">
      <Filter>FrameWork\Singletons</Filter>
    </ClInclude>
    <ClInclude Include="cLightSource.h">
      <Filter>FrameWork\Scene</Filter>
    </ClInclude>
    <ClInclude Include="cMapLoader.h">
      <Filter>FrameWork\Loader</Filter>
    </ClInclude>
    <ClInclude Include="cObject.h">
      <Filter>FrameWork\Object</Filter>
    </ClInclude>
    <ClInclude Include="cMapExample.h">
      <Filter>FrameWork\_EXAMPLE</Filter>
    </ClInclude>
    <ClInclude Include="DreamCoast3D.h">
      <Filter>FrameWork\Core</Filter>
    </ClInclude>
    <ClInclude Include="Resource.h">
      <Filter>FrameWork\Core</Filter>
    </ClInclude>
    <ClInclude Include="targetver.h">
      <Filter>FrameWork\Core</Filter>
    </ClInclude>
    <ClInclude Include="cMtlTex.h">
      <Filter>FrameWork\Object</Filter>
    </ClInclude>
    <ClInclude Include="cUITextView.h">
      <Filter>FrameWork\Object\UIObject</Filter>
    </ClInclude>
    <ClInclude Include="cUIPlayerInfo.h">
      <Filter>EachWorks\HD\TODO-DistAfter\InGameUI</Filter>
    </ClInclude>
    <ClInclude Include="cUIGameSystemShortCut.h">
      <Filter>EachWorks\HD\TODO-DistAfter\InGameUI</Filter>
    </ClInclude>
    <ClInclude Include="cUIGameMainMenu.h">
      <Filter>EachWorks\HD\TODO-DistAfter\MainMenuUI</Filter>
    </ClInclude>
    <ClInclude Include="cUILoader.h">
      <Filter>FrameWork\Loader</Filter>
    </ClInclude>
    <ClInclude Include="cGameMapHeightGridSystem.h">
      <Filter>EachWorks\MS</Filter>
    </ClInclude>
    <ClInclude Include="cGameSMeshBodyObject.h">
      <Filter>EachWorks\MW</Filter>
    </ClInclude>
    <ClInclude Include="cPlayerMove.h">
      <Filter>EachWorks\HD\PlayerFSM</Filter>
    </ClInclude>
    <ClInclude Include="cPlayerIdle.h">
      <Filter>EachWorks\HD\PlayerFSM</Filter>
    </ClInclude>
    <ClInclude Include="iPlayerState.h">
      <Filter>EachWorks\HD\PlayerFSM</Filter>
    </ClInclude>
    <ClInclude Include="cPlayerOnHit.h">
      <Filter>EachWorks\HD\PlayerFSM</Filter>
    </ClInclude>
    <ClInclude Include="cPlayerAttack.h">
      <Filter>EachWorks\HD\PlayerFSM</Filter>
    </ClInclude>
    <ClInclude Include="cGameAIObject.h">
      <Filter>EachWorks\HD</Filter>
    </ClInclude>
    <ClInclude Include="iAIState.h">
      <Filter>EachWorks\HD\AI-FSM</Filter>
    </ClInclude>
    <ClInclude Include="cAIFSM.h">
      <Filter>EachWorks\HD\AI-FSM</Filter>
    </ClInclude>
    <ClInclude Include="cGridSystem.h">
      <Filter>EachWorks\MS</Filter>
    </ClInclude>
    <ClInclude Include="cAstar.h">
      <Filter>EachWorks\MS</Filter>
    </ClInclude>
    <ClInclude Include="cAstarNode.h">
      <Filter>EachWorks\MS</Filter>
    </ClInclude>
    <ClInclude Include="iCameraDeligate.h">
      <Filter>FrameWork\Interfaces</Filter>
    </ClInclude>
    <ClInclude Include="iGameObjectDelegate.h">
      <Filter>FrameWork\Interfaces</Filter>
    </ClInclude>
    <ClInclude Include="iGameStateObject.h">
      <Filter>FrameWork\Interfaces</Filter>
    </ClInclude>
    <ClInclude Include="cGamePlayableObject.h">
      <Filter>EachWorks\HD</Filter>
    </ClInclude>
    <ClInclude Include="cUIExpBar.h">
      <Filter>EachWorks\HD\TODO-DistAfter\InGameUI</Filter>
    </ClInclude>
    <ClInclude Include="cUIStatWindow.h">
      <Filter>EachWorks\HD\TODO-DistAfter\InGameUI</Filter>
    </ClInclude>
    <ClInclude Include="cActionIdle.h">
      <Filter>FrameWork\Object\GameObject\GameActionObject\Action</Filter>
    </ClInclude>
    <ClInclude Include="cUISkillShortCut.h">
      <Filter>EachWorks\MW\Todo</Filter>
    </ClInclude>
    <ClInclude Include="cUIInventory.h">
      <Filter>EachWorks\MW\Todo</Filter>
    </ClInclude>
    <ClInclude Include="cUIMinimap.h">
      <Filter>EachWorks\MS\Todo</Filter>
    </ClInclude>
    <ClInclude Include="cSceneLoader.h">
      <Filter>FrameWork\Loader</Filter>
    </ClInclude>
    <ClInclude Include="cUIIcon.h">
      <Filter>EachWorks\MW\Todo</Filter>
    </ClInclude>
    <ClInclude Include="cUIPopupWindow.h">
      <Filter>EachWorks\HD</Filter>
    </ClInclude>
    <ClInclude Include="cUISystemMenu.h">
      <Filter>EachWorks\HD</Filter>
    </ClInclude>
    <ClInclude Include="iUIManagerDeligate.h">
      <Filter>FrameWork\Interfaces</Filter>
    </ClInclude>
    <ClInclude Include="cLoadingScene.h">
      <Filter>EachWorks\HD</Filter>
    </ClInclude>
    <ClInclude Include="cUISystemTest.h">
      <Filter>EachWorks\HD</Filter>
    </ClInclude>
    <ClInclude Include="cUISceneChangeButton.h">
      <Filter>EachWorks\HD</Filter>
    </ClInclude>
    <ClInclude Include="cUIImageButtonMenu.h">
      <Filter>EachWorks\HD</Filter>
    </ClInclude>
    <ClInclude Include="cEffect.h">
      <Filter>FrameWork\Effects</Filter>
    </ClInclude>
    <ClInclude Include="cEffectManager.h">
      <Filter>FrameWork\Effects</Filter>
    </ClInclude>
    <ClInclude Include="cEffectResourceManager.h">
      <Filter>FrameWork\Effects</Filter>
    </ClInclude>
    <ClInclude Include="iEffectManagerDeligate.h">
      <Filter>FrameWork\Effects</Filter>
    </ClInclude>
    <ClInclude Include="cSceneEditMode.h">
      <Filter>FrameWork\Scene</Filter>
    </ClInclude>
    <ClInclude Include="cMousePicking.h">
      <Filter>EachWorks\MS</Filter>
    </ClInclude>
    <ClInclude Include="iUIPopupWindowDelegate.h">
      <Filter>EachWorks\MW\Todo</Filter>
    </ClInclude>
    <ClInclude Include="cMapToolCamera.h">
      <Filter>EachWorks\MS</Filter>
    </ClInclude>
    <ClInclude Include="cUISlot.h">
      <Filter>EachWorks\MW\Todo</Filter>
    </ClInclude>
    <ClInclude Include="cDataItem.h">
      <Filter>EachWorks\MW\Todo</Filter>
    </ClInclude>
    <ClInclude Include="cMapLoader4Edit.h">
      <Filter>FrameWork\Loader</Filter>
    </ClInclude>
    <ClInclude Include="cGameObjectLoader4Edit.h">
      <Filter>FrameWork\Loader</Filter>
    </ClInclude>
    <ClInclude Include="cGameObjectEraser.h">
      <Filter>FrameWork\Object</Filter>
    </ClInclude>
    <ClInclude Include="iUIInventoryDelegate.h">
      <Filter>EachWorks\MW\Todo</Filter>
    </ClInclude>
    <ClInclude Include="iGameEventDelegate.h">
      <Filter>EachWorks\MS</Filter>
    </ClInclude>
    <ClInclude Include="cSceneTerrainEdit.h">
      <Filter>EachWorks\MS</Filter>
    </ClInclude>
    <ClInclude Include="cHeightMapTerrainEdit.h">
      <Filter>EachWorks\MS</Filter>
    </ClInclude>
    <ClInclude Include="cGameEvent.h">
      <Filter>EachWorks\MS</Filter>
    </ClInclude>
    <ClInclude Include="cGameEventManager.h">
      <Filter>EachWorks\MS</Filter>
    </ClInclude>
    <ClInclude Include="cEditCursor.h">
      <Filter>EachWorks\MS</Filter>
    </ClInclude>
    <ClInclude Include="cShaderManager.h">
      <Filter>FrameWork\Singletons</Filter>
    </ClInclude>
    <ClInclude Include="cUICursor.h">
      <Filter>FrameWork\Object\UIObject</Filter>
    </ClInclude>
    <ClInclude Include="cUISet4Editor.h">
      <Filter>EachWorks\HD</Filter>
    </ClInclude>
    <ClInclude Include="cEffectMesh.h">
      <Filter>FrameWork\Effects</Filter>
    </ClInclude>
    <ClInclude Include="cStaticMeshManager.h" />
    <ClInclude Include="cMesh.h" />
    <ClInclude Include="cEffectParticle.h">
      <Filter>FrameWork\Effects</Filter>
    </ClInclude>
  </ItemGroup>
  <ItemGroup>
    <Image Include="DreamCoast3D.ico">
      <Filter>FrameWork\Core</Filter>
    </Image>
    <Image Include="small.ico">
      <Filter>FrameWork\Core</Filter>
    </Image>
  </ItemGroup>
  <ItemGroup>
    <None Include="cObjectClassDiagram.cd" />
    <None Include="..\Resources\Shader\Soft Shadows.fx">
      <Filter>FrameWork\FX</Filter>
    </None>
    <None Include="..\Resources\Shader\ApplyShadow.fx">
      <Filter>FrameWork\FX</Filter>
    </None>
    <None Include="..\Resources\Shader\CreateShadow.fx">
      <Filter>FrameWork\FX</Filter>
    </None>
    <None Include="..\Resources\Shader\shadowmap.fx">
      <Filter>FrameWork\FX</Filter>
    </None>
    <None Include="..\Resources\Shader\SpecularMapping.fx">
      <Filter>FrameWork\FX</Filter>
    </None>
    <None Include="..\Resources\Shader\DetailBlending.fx">
      <Filter>FrameWork\FX</Filter>
    </None>
    <None Include="..\Resources\Shader\NormalMapping.fx">
      <Filter>FrameWork\FX</Filter>
    </None>
    <None Include="..\Resources\Shader\MultiAnimationShadow.fx">
      <Filter>FrameWork\FX</Filter>
    </None>
    <None Include="..\Resources\Shader\MultiAnimation.vsh">
      <Filter>FrameWork\FX</Filter>
    </None>
    <None Include="..\Resources\Shader\MultiAnimation.fx">
      <Filter>FrameWork\FX</Filter>
    </None>
  </ItemGroup>
  <ItemGroup>
    <Filter Include="FrameWork">
      <UniqueIdentifier>{c457b474-e097-4e89-981e-591f6f7f0a1a}</UniqueIdentifier>
    </Filter>
    <Filter Include="EachWorks">
      <UniqueIdentifier>{756a94bc-69e4-46a1-ac8e-27fd5acba7cc}</UniqueIdentifier>
    </Filter>
    <Filter Include="EachWorks\HD">
      <UniqueIdentifier>{cabc2211-60ce-4a03-9afc-12df392dbdcc}</UniqueIdentifier>
    </Filter>
    <Filter Include="EachWorks\MW">
      <UniqueIdentifier>{196dbc8e-7c96-4cc5-9fea-e0f9fd77d50f}</UniqueIdentifier>
    </Filter>
    <Filter Include="EachWorks\MS">
      <UniqueIdentifier>{ce31fe48-7ec4-4035-88b5-47a45b8d68b7}</UniqueIdentifier>
    </Filter>
    <Filter Include="FrameWork\_EXAMPLE">
      <UniqueIdentifier>{8ad80070-fa8b-46f2-9853-02b15b14d6a7}</UniqueIdentifier>
    </Filter>
    <Filter Include="FrameWork\Object">
      <UniqueIdentifier>{dee45f5a-1266-45ae-834d-eddf46d5c212}</UniqueIdentifier>
    </Filter>
    <Filter Include="FrameWork\Scene">
      <UniqueIdentifier>{ca9fd1af-80e3-4847-a37f-04c7bee8bb5a}</UniqueIdentifier>
    </Filter>
    <Filter Include="FrameWork\Core">
      <UniqueIdentifier>{eb51fd1a-f324-4672-9730-5c370706513a}</UniqueIdentifier>
    </Filter>
    <Filter Include="FrameWork\Object\GameObject">
      <UniqueIdentifier>{4b6dd058-02db-4957-8c5d-055bb0ac10c5}</UniqueIdentifier>
    </Filter>
    <Filter Include="FrameWork\Object\GameObject\GameActionObject">
      <UniqueIdentifier>{ee647f1a-1630-438c-8072-5c221e704c44}</UniqueIdentifier>
    </Filter>
    <Filter Include="FrameWork\Object\GameObject\GameActionObject\Action">
      <UniqueIdentifier>{89d6f418-b527-4815-b2a9-058e5cf34916}</UniqueIdentifier>
    </Filter>
    <Filter Include="FrameWork\_STDAFX">
      <UniqueIdentifier>{119f984c-b9cb-4391-b4ce-28eb6b2b80f1}</UniqueIdentifier>
    </Filter>
    <Filter Include="FrameWork\Loader">
      <UniqueIdentifier>{08263c4b-e799-48f9-a194-4a7ac7ec6847}</UniqueIdentifier>
    </Filter>
    <Filter Include="FrameWork\Object\GameObject\SkinnedMesh">
      <UniqueIdentifier>{37107085-85d4-4600-b522-dc2ccf4a5cd5}</UniqueIdentifier>
    </Filter>
    <Filter Include="FrameWork\Object\GameObject\AseObject">
      <UniqueIdentifier>{fd8c4798-bc99-4415-9f86-418f73a5fef3}</UniqueIdentifier>
    </Filter>
    <Filter Include="FrameWork\Object\UIObject">
      <UniqueIdentifier>{c1d109d9-9985-46d5-944f-f7f01c62efe4}</UniqueIdentifier>
    </Filter>
    <Filter Include="FrameWork\Interfaces">
      <UniqueIdentifier>{0551fd9d-39dc-4822-8abc-fa090bc54d2f}</UniqueIdentifier>
    </Filter>
    <Filter Include="FrameWork\Object\GameObject\GameMapObjects">
      <UniqueIdentifier>{b5aef028-b529-4bf0-9606-1a18605a8d37}</UniqueIdentifier>
    </Filter>
    <Filter Include="FrameWork\Singletons">
      <UniqueIdentifier>{ac9d5c25-bde2-4512-947b-878b6447b5fc}</UniqueIdentifier>
    </Filter>
    <Filter Include="EachWorks\HD\TODO-DistAfter">
      <UniqueIdentifier>{1293e4f4-f5d8-42c1-8f4d-a86f1100f92e}</UniqueIdentifier>
    </Filter>
    <Filter Include="EachWorks\HD\TODO-DistAfter\InGameUI">
      <UniqueIdentifier>{71622d01-a614-4833-b0b9-b97857248e2e}</UniqueIdentifier>
    </Filter>
    <Filter Include="EachWorks\HD\TODO-DistAfter\MainMenuUI">
      <UniqueIdentifier>{a18f39a1-4fb3-416b-b35b-03abf33b497a}</UniqueIdentifier>
    </Filter>
    <Filter Include="FrameWork\Resource">
      <UniqueIdentifier>{a6d80302-f288-4251-8c93-210c45ed42a2}</UniqueIdentifier>
    </Filter>
    <Filter Include="EachWorks\HD\PlayerFSM">
      <UniqueIdentifier>{81c6b559-4e66-47bb-9f54-d0cbfee6aa91}</UniqueIdentifier>
    </Filter>
    <Filter Include="EachWorks\HD\AI-FSM">
      <UniqueIdentifier>{8a82e0f0-af01-4641-89a2-9ad2b8f4209f}</UniqueIdentifier>
    </Filter>
    <Filter Include="FrameWork\FX">
      <UniqueIdentifier>{4e55bb74-4fe7-46d3-94b7-d8793094f829}</UniqueIdentifier>
    </Filter>
    <Filter Include="EachWorks\MS\Todo">
      <UniqueIdentifier>{90cc1dc4-9eb5-4efa-a09c-cd7086883edb}</UniqueIdentifier>
    </Filter>
    <Filter Include="EachWorks\MW\Todo">
      <UniqueIdentifier>{70713648-0207-4f31-8d70-ff0ba213f875}</UniqueIdentifier>
    </Filter>
    <Filter Include="FrameWork\Effects">
      <UniqueIdentifier>{23350a21-4445-4722-87d7-2533f61ceb20}</UniqueIdentifier>
    </Filter>
    <Filter Include="TerrainEditor">
      <UniqueIdentifier>{9acb5022-85ab-4a2a-9d42-af0111416ffa}</UniqueIdentifier>
    </Filter>
  </ItemGroup>
  <ItemGroup>
    <ResourceCompile Include="DreamCoast3D.rc">
      <Filter>FrameWork\Core</Filter>
    </ResourceCompile>
  </ItemGroup>
  <ItemGroup>
    <Text Include="ReadMe.txt">
      <Filter>FrameWork\Core</Filter>
    </Text>
    <Text Include="..\Resources\MAINDATA.txt">
      <Filter>FrameWork\Resource</Filter>
    </Text>
    <Text Include="..\Resources\SCENE1_GAMEOBJDATA.txt">
      <Filter>FrameWork\Resource</Filter>
    </Text>
    <Text Include="..\Resources\SCENE1_MAPDATA.txt">
      <Filter>FrameWork\Resource</Filter>
    </Text>
    <Text Include="..\Resources\SCENE1_UIDATA.txt">
      <Filter>FrameWork\Resource</Filter>
    </Text>
    <Text Include="..\Resources\SCENE2_MAPDATA.txt">
      <Filter>FrameWork\Resource</Filter>
    </Text>
    <Text Include="..\Resources\SCENE2_UIDATA.txt">
      <Filter>FrameWork\Resource</Filter>
    </Text>
    <Text Include="..\Resources\SCENE2_GAMEOBJDATA.txt">
      <Filter>FrameWork\Resource</Filter>
    </Text>
    <Text Include="..\Resources\SCENE1_MAIN.txt">
      <Filter>FrameWork\Resource</Filter>
    </Text>
    <Text Include="..\Resources\SCENE2_MAIN.txt">
      <Filter>FrameWork\Resource</Filter>
    </Text>
    <Text Include="..\Resources\SCENE2_UIDATA - BackUP.txt">
      <Filter>FrameWork\Resource</Filter>
    </Text>
    <Text Include="..\Resources\SCENE3_GAMEOBJDATA.txt">
      <Filter>FrameWork\Resource</Filter>
    </Text>
    <Text Include="..\Resources\SCENE3_MAIN.txt">
      <Filter>FrameWork\Resource</Filter>
    </Text>
    <Text Include="..\Resources\SCENE3_MAPDATA.txt">
      <Filter>FrameWork\Resource</Filter>
    </Text>
    <Text Include="..\Resources\SCENE3_UIDATA.txt">
      <Filter>FrameWork\Resource</Filter>
    </Text>
    <Text Include="..\Resources\SCENE4_UIDATA.txt">
      <Filter>FrameWork\Resource</Filter>
    </Text>
    <Text Include="..\Resources\SCENE4_GAMEOBJDATA.txt">
      <Filter>FrameWork\Resource</Filter>
    </Text>
    <Text Include="..\Resources\SCENE4_MAIN.txt">
      <Filter>FrameWork\Resource</Filter>
    </Text>
    <Text Include="..\Resources\SCENE4_MAPDATA.txt">
      <Filter>FrameWork\Resource</Filter>
    </Text>
    <Text Include="test.txt">
      <Filter>FrameWork\Resource</Filter>
    </Text>
  </ItemGroup>
</Project>